// !$*UTF8*$!
{
	archiveVersion = 1;
	classes = {
	};
	objectVersion = 56;
	objects = {

/* Begin PBXBuildFile section */
		A10000012C7F000100000001 /* VoicePracticeApp.swift in Sources */ = {isa = PBXBuildFile; fileRef = B10000012C7F000100000001 /* VoicePracticeApp.swift */; };
		A10000022C7F000100000001 /* ContentView.swift in Sources */ = {isa = PBXBuildFile; fileRef = B10000022C7F000100000001 /* ContentView.swift */; };
		A10000032C7F000100000001 /* LocalModelClient.swift in Sources */ = {isa = PBXBuildFile; fileRef = B10000032C7F000100000001 /* LocalModelClient.swift */; };
		A10000042C7F000100000001 /* VoiceWebBridge.swift in Sources */ = {isa = PBXBuildFile; fileRef = B10000042C7F000100000001 /* VoiceWebBridge.swift */; };
		A10000052C7F000100000001 /* KeychainStore.swift in Sources */ = {isa = PBXBuildFile; fileRef = B10000052C7F000100000001 /* KeychainStore.swift */; };
		A10000062C7F000100000001 /* LocalModelClientTests.swift in Sources */ = {isa = PBXBuildFile; fileRef = B10000062C7F000100000001 /* LocalModelClientTests.swift */; };
		A10000072C7F000100000001 /* VoiceWebBridgeTests.swift in Sources */ = {isa = PBXBuildFile; fileRef = B10000072C7F000100000001 /* VoiceWebBridgeTests.swift */; };
		A10000082C7F000100000001 /* web in Resources */ = {isa = PBXBuildFile; fileRef = B100000B2C7F000100000001 /* web */; };
		A100000C2C7F000100000001 /* ScriptBridgeHandler.swift in Sources */ = {isa = PBXBuildFile; fileRef = B100000C2C7F000100000001 /* ScriptBridgeHandler.swift */; };
		A100000D2C7F000100000001 /* ScriptBridgeHandlerTests.swift in Sources */ = {isa = PBXBuildFile; fileRef = B100000D2C7F000100000001 /* ScriptBridgeHandlerTests.swift */; };
		A100000E2C7F000100000001 /* CredentialBinding.swift in Sources */ = {isa = PBXBuildFile; fileRef = B100000E2C7F000100000001 /* CredentialBinding.swift */; };
		A100000F2C7F000100000001 /* ScriptBridgeHandlerNavigationTests.swift in Sources */ = {isa = PBXBuildFile; fileRef = B100000F2C7F000100000001 /* ScriptBridgeHandlerNavigationTests.swift */; };
		A10000102C7F000100000001 /* AppleFoundationModelService.swift in Sources */ = {isa = PBXBuildFile; fileRef = B10000102C7F000100000001 /* AppleFoundationModelService.swift */; };
		A10000112C7F000100000001 /* AppleFoundationModelServiceTests.swift in Sources */ = {isa = PBXBuildFile; fileRef = B10000112C7F000100000001 /* AppleFoundationModelServiceTests.swift */; };
		A10000122C7F000100000001 /* NativeSpeechService.swift in Sources */ = {isa = PBXBuildFile; fileRef = B10000122C7F000100000001 /* NativeSpeechService.swift */; };
/* End PBXBuildFile section */

/* Begin PBXContainerItemProxy section */
		C10000012C7F000100000001 /* PBXContainerItemProxy */ = {
			isa = PBXContainerItemProxy;
			containerPortal = D10000012C7F000100000001 /* Project object */;
			proxyType = 1;
			remoteGlobalIDString = E10000012C7F000100000001;
			remoteInfo = VoicePractice;
		};
/* End PBXContainerItemProxy section */

/* Begin PBXFileReference section */
		B10000012C7F000100000001 /* VoicePracticeApp.swift */ = {isa = PBXFileReference; lastKnownFileType = sourcecode.swift; path = VoicePracticeApp.swift; sourceTree = "<group>"; };
		B10000022C7F000100000001 /* ContentView.swift */ = {isa = PBXFileReference; lastKnownFileType = sourcecode.swift; path = ContentView.swift; sourceTree = "<group>"; };
		B10000032C7F000100000001 /* LocalModelClient.swift */ = {isa = PBXFileReference; lastKnownFileType = sourcecode.swift; path = LocalModelClient.swift; sourceTree = "<group>"; };
		B10000042C7F000100000001 /* VoiceWebBridge.swift */ = {isa = PBXFileReference; lastKnownFileType = sourcecode.swift; path = VoiceWebBridge.swift; sourceTree = "<group>"; };
		B10000052C7F000100000001 /* KeychainStore.swift */ = {isa = PBXFileReference; lastKnownFileType = sourcecode.swift; path = KeychainStore.swift; sourceTree = "<group>"; };
		B10000062C7F000100000001 /* LocalModelClientTests.swift */ = {isa = PBXFileReference; lastKnownFileType = sourcecode.swift; path = LocalModelClientTests.swift; sourceTree = "<group>"; };
		B10000072C7F000100000001 /* VoiceWebBridgeTests.swift */ = {isa = PBXFileReference; lastKnownFileType = sourcecode.swift; path = VoiceWebBridgeTests.swift; sourceTree = "<group>"; };
		B10000082C7F000100000001 /* Info.plist */ = {isa = PBXFileReference; lastKnownFileType = text.plist.xml; path = Info.plist; sourceTree = "<group>"; };
		B10000092C7F000100000001 /* VoicePractice.app */ = {isa = PBXFileReference; explicitFileType = wrapper.application; includeInIndex = 0; path = VoicePractice.app; sourceTree = BUILT_PRODUCTS_DIR; };
		B100000A2C7F000100000001 /* VoicePracticeTests.xctest */ = {isa = PBXFileReference; explicitFileType = wrapper.cfbundle; includeInIndex = 0; path = VoicePracticeTests.xctest; sourceTree = BUILT_PRODUCTS_DIR; };
		B100000B2C7F000100000001 /* web */ = {isa = PBXFileReference; lastKnownFileType = folder; path = web; sourceTree = "<group>"; };
		B100000C2C7F000100000001 /* ScriptBridgeHandler.swift */ = {isa = PBXFileReference; lastKnownFileType = sourcecode.swift; path = ScriptBridgeHandler.swift; sourceTree = "<group>"; };
		B100000D2C7F000100000001 /* ScriptBridgeHandlerTests.swift */ = {isa = PBXFileReference; lastKnownFileType = sourcecode.swift; path = ScriptBridgeHandlerTests.swift; sourceTree = "<group>"; };
		B100000E2C7F000100000001 /* CredentialBinding.swift */ = {isa = PBXFileReference; lastKnownFileType = sourcecode.swift; path = CredentialBinding.swift; sourceTree = "<group>"; };
		B100000F2C7F000100000001 /* ScriptBridgeHandlerNavigationTests.swift */ = {isa = PBXFileReference; lastKnownFileType = sourcecode.swift; path = ScriptBridgeHandlerNavigationTests.swift; sourceTree = "<group>"; };
		B10000102C7F000100000001 /* AppleFoundationModelService.swift */ = {isa = PBXFileReference; lastKnownFileType = sourcecode.swift; path = AppleFoundationModelService.swift; sourceTree = "<group>"; };
		B10000112C7F000100000001 /* AppleFoundationModelServiceTests.swift */ = {isa = PBXFileReference; lastKnownFileType = sourcecode.swift; path = AppleFoundationModelServiceTests.swift; sourceTree = "<group>"; };
		B10000122C7F000100000001 /* NativeSpeechService.swift */ = {isa = PBXFileReference; lastKnownFileType = sourcecode.swift; path = NativeSpeechService.swift; sourceTree = "<group>"; };
/* End PBXFileReference section */

/* Begin PBXFrameworksBuildPhase section */
		F10000012C7F000100000001 /* Frameworks */ = {
			isa = PBXFrameworksBuildPhase;
			buildActionMask = 2147483647;
			files = (
			);
			runOnlyForDeploymentPostprocessing = 0;
		};
		F10000022C7F000100000001 /* Frameworks */ = {
			isa = PBXFrameworksBuildPhase;
			buildActionMask = 2147483647;
			files = (
			);
			runOnlyForDeploymentPostprocessing = 0;
		};
/* End PBXFrameworksBuildPhase section */

/* Begin PBXGroup section */
		G10000012C7F000100000001 = {
			isa = PBXGroup;
			children = (
				G10000022C7F000100000001 /* VoicePractice */,
				G10000052C7F000100000001 /* Tests */,
				G10000062C7F000100000001 /* Products */,
			);
			sourceTree = "<group>";
		};
		G10000022C7F000100000001 /* VoicePractice */ = {
			isa = PBXGroup;
			children = (
				G10000032C7F000100000001 /* App */,
				G10000042C7F000100000001 /* Core */,
				G10000072C7F000100000001 /* Resources */,
			);
			path = VoicePractice;
			sourceTree = "<group>";
		};
		G10000072C7F000100000001 /* Resources */ = {
			isa = PBXGroup;
			children = (
				B10000082C7F000100000001 /* Info.plist */,
				B100000B2C7F000100000001 /* web */,
			);
			path = Resources;
			sourceTree = "<group>";
		};
		G10000032C7F000100000001 /* App */ = {
			isa = PBXGroup;
			children = (
				B10000012C7F000100000001 /* VoicePracticeApp.swift */,
				B10000022C7F000100000001 /* ContentView.swift */,
				B100000C2C7F000100000001 /* ScriptBridgeHandler.swift */,
				B10000122C7F000100000001 /* NativeSpeechService.swift */,
			);
			path = App;
			sourceTree = "<group>";
		};
		G10000042C7F000100000001 /* Core */ = {
			isa = PBXGroup;
			children = (
				B10000032C7F000100000001 /* LocalModelClient.swift */,
				B10000042C7F000100000001 /* VoiceWebBridge.swift */,
				B10000052C7F000100000001 /* KeychainStore.swift */,
				B100000E2C7F000100000001 /* CredentialBinding.swift */,
				B10000102C7F000100000001 /* AppleFoundationModelService.swift */,
			);
			name = Core;
			path = Sources/VoicePracticeCore;
			sourceTree = SOURCE_ROOT;
		};
		G10000052C7F000100000001 /* Tests */ = {
			isa = PBXGroup;
			children = (
				B10000062C7F000100000001 /* LocalModelClientTests.swift */,
				B10000072C7F000100000001 /* VoiceWebBridgeTests.swift */,
				B100000D2C7F000100000001 /* ScriptBridgeHandlerTests.swift */,
				B100000F2C7F000100000001 /* ScriptBridgeHandlerNavigationTests.swift */,
				B10000112C7F000100000001 /* AppleFoundationModelServiceTests.swift */,
			);
			name = Tests;
			path = Tests/VoicePracticeXCTests;
			sourceTree = SOURCE_ROOT;
		};
		G10000062C7F000100000001 /* Products */ = {
			isa = PBXGroup;
			children = (
				B10000092C7F000100000001 /* VoicePractice.app */,
				B100000A2C7F000100000001 /* VoicePracticeTests.xctest */,
			);
			name = Products;
			sourceTree = "<group>";
		};
/* End PBXGroup section */

/* Begin PBXNativeTarget section */
		E10000012C7F000100000001 /* VoicePractice */ = {
			isa = PBXNativeTarget;
			buildConfigurationList = H10000022C7F000100000001 /* Build configuration list for PBXNativeTarget "VoicePractice" */;
			buildPhases = (
				S10000012C7F000100000001 /* Sources */,
				F10000012C7F000100000001 /* Frameworks */,
				R10000012C7F000100000001 /* Resources */,
			);
			buildRules = (
			);
			dependencies = (
			);
			name = VoicePractice;
			productName = VoicePractice;
			productReference = B10000092C7F000100000001 /* VoicePractice.app */;
			productType = "com.apple.product-type.application";
		};
		E10000022C7F000100000001 /* VoicePracticeTests */ = {
			isa = PBXNativeTarget;
			buildConfigurationList = H10000032C7F000100000001 /* Build configuration list for PBXNativeTarget "VoicePracticeTests" */;
			buildPhases = (
				S10000022C7F000100000001 /* Sources */,
				F10000022C7F000100000001 /* Frameworks */,
			);
			buildRules = (
			);
			dependencies = (
				D20000012C7F000100000001 /* PBXTargetDependency */,
			);
			name = VoicePracticeTests;
			productName = VoicePracticeTests;
			productReference = B100000A2C7F000100000001 /* VoicePracticeTests.xctest */;
			productType = "com.apple.product-type.bundle.unit-test";
		};
/* End PBXNativeTarget section */

/* Begin PBXProject section */
		D10000012C7F000100000001 /* Project object */ = {
			isa = PBXProject;
			attributes = {
				BuildIndependentTargetsInParallel = 1;
				LastSwiftUpdateCheck = 1500;
				LastUpgradeCheck = 1500;
				TargetAttributes = {
					E10000012C7F000100000001 = {
						CreatedOnToolsVersion = 15.0;
					};
					E10000022C7F000100000001 = {
						CreatedOnToolsVersion = 15.0;
						TestTargetID = E10000012C7F000100000001;
					};
				};
			};
			buildConfigurationList = H10000012C7F000100000001 /* Build configuration list for PBXProject "VoicePractice" */;
			compatibilityVersion = "Xcode 14.0";
			developmentRegion = en;
			hasScannedForEncodings = 0;
			knownRegions = (
				en,
				Base,
			);
			mainGroup = G10000012C7F000100000001;
			productRefGroup = G10000062C7F000100000001 /* Products */;
			projectDirPath = "";
			projectRoot = "";
			targets = (
				E10000012C7F000100000001 /* VoicePractice */,
				E10000022C7F000100000001 /* VoicePracticeTests */,
			);
		};
/* End PBXProject section */

/* Begin PBXResourcesBuildPhase section */
		R10000012C7F000100000001 /* Resources */ = {
			isa = PBXResourcesBuildPhase;
			buildActionMask = 2147483647;
			files = (
				A10000082C7F000100000001 /* web in Resources */,
			);
			runOnlyForDeploymentPostprocessing = 0;
		};
/* End PBXResourcesBuildPhase section */

/* Begin PBXSourcesBuildPhase section */
		S10000012C7F000100000001 /* Sources */ = {
			isa = PBXSourcesBuildPhase;
			buildActionMask = 2147483647;
			files = (
				A10000012C7F000100000001 /* VoicePracticeApp.swift in Sources */,
				A10000022C7F000100000001 /* ContentView.swift in Sources */,
				A100000C2C7F000100000001 /* ScriptBridgeHandler.swift in Sources */,
				A10000122C7F000100000001 /* NativeSpeechService.swift in Sources */,
				A10000032C7F000100000001 /* LocalModelClient.swift in Sources */,
				A10000042C7F000100000001 /* VoiceWebBridge.swift in Sources */,
				A10000052C7F000100000001 /* KeychainStore.swift in Sources */,
				A100000E2C7F000100000001 /* CredentialBinding.swift in Sources */,
				A10000102C7F000100000001 /* AppleFoundationModelService.swift in Sources */,
			);
			runOnlyForDeploymentPostprocessing = 0;
		};
		S10000022C7F000100000001 /* Sources */ = {
			isa = PBXSourcesBuildPhase;
			buildActionMask = 2147483647;
			files = (
				A10000022C7F000100000001 /* ContentView.swift in Sources */,
				A10000062C7F000100000001 /* LocalModelClientTests.swift in Sources */,
				A10000072C7F000100000001 /* VoiceWebBridgeTests.swift in Sources */,
				A100000D2C7F000100000001 /* ScriptBridgeHandlerTests.swift in Sources */,
				A100000F2C7F000100000001 /* ScriptBridgeHandlerNavigationTests.swift in Sources */,
				A100000C2C7F000100000001 /* ScriptBridgeHandler.swift in Sources */,
				A10000122C7F000100000001 /* NativeSpeechService.swift in Sources */,
				A10000032C7F000100000001 /* LocalModelClient.swift in Sources */,
				A10000042C7F000100000001 /* VoiceWebBridge.swift in Sources */,
				A10000052C7F000100000001 /* KeychainStore.swift in Sources */,
				A100000E2C7F000100000001 /* CredentialBinding.swift in Sources */,
				A10000102C7F000100000001 /* AppleFoundationModelService.swift in Sources */,
				A10000112C7F000100000001 /* AppleFoundationModelServiceTests.swift in Sources */,
			);
			runOnlyForDeploymentPostprocessing = 0;
		};
/* End PBXSourcesBuildPhase section */

/* Begin PBXTargetDependency section */
		D20000012C7F000100000001 /* PBXTargetDependency */ = {
			isa = PBXTargetDependency;
			target = E10000012C7F000100000001 /* VoicePractice */;
			targetProxy = C10000012C7F000100000001 /* PBXContainerItemProxy */;
		};
/* End PBXTargetDependency section */

/* Begin XCBuildConfiguration section */
		J10000012C7F000100000001 /* Debug */ = {
			isa = XCBuildConfiguration;
			buildSettings = {
				ALWAYS_SEARCH_USER_PATHS = NO;
				CLANG_ANALYZER_NONNULL = YES;
				CLANG_ENABLE_MODULES = YES;
				CLANG_ENABLE_OBJC_ARC = YES;
				COPY_PHASE_STRIP = NO;
				DEBUG_INFORMATION_FORMAT = dwarf;
				ENABLE_STRICT_OBJC_MSGSEND = YES;
				ENABLE_TESTABILITY = YES;
				GCC_DYNAMIC_NO_PIC = NO;
				GCC_OPTIMIZATION_LEVEL = 0;
				GCC_PREPROCESSOR_DEFINITIONS = (
					"DEBUG=1",
					"$(inherited)",
				);
				IPHONEOS_DEPLOYMENT_TARGET = 17.0;
				MTL_ENABLE_DEBUG_INFO = INCLUDE_SOURCE;
				ONLY_ACTIVE_ARCH = YES;
				SDKROOT = iphoneos;
				SWIFT_ACTIVE_COMPILATION_CONDITIONS = DEBUG;
				SWIFT_OPTIMIZATION_LEVEL = "-Onone";
				SWIFT_VERSION = 5.0;
			};
			name = Debug;
		};
		J10000022C7F000100000001 /* Release */ = {
			isa = XCBuildConfiguration;
			buildSettings = {
				ALWAYS_SEARCH_USER_PATHS = NO;
				CLANG_ANALYZER_NONNULL = YES;
				CLANG_ENABLE_MODULES = YES;
				CLANG_ENABLE_OBJC_ARC = YES;
				COPY_PHASE_STRIP = NO;
				DEBUG_INFORMATION_FORMAT = "dwarf-with-dsym";
				ENABLE_NS_ASSERTIONS = NO;
				ENABLE_STRICT_OBJC_MSGSEND = YES;
				GCC_OPTIMIZATION_LEVEL = s;
				IPHONEOS_DEPLOYMENT_TARGET = 17.0;
				MTL_ENABLE_DEBUG_INFO = NO;
				SDKROOT = iphoneos;
				SWIFT_COMPILATION_MODE = wholemodule;
				SWIFT_OPTIMIZATION_LEVEL = "-O";
				SWIFT_VERSION = 5.0;
				VALIDATE_PRODUCT = YES;
			};
			name = Release;
		};
		J10000032C7F000100000001 /* Debug */ = {
			isa = XCBuildConfiguration;
			buildSettings = {
				ASSETCATALOG_COMPILER_APPICON_NAME = AppIcon;
				CODE_SIGN_STYLE = Automatic;
				CURRENT_PROJECT_VERSION = 1;
				GENERATE_INFOPLIST_FILE = NO;
				INFOPLIST_FILE = VoicePractice/Resources/Info.plist;
				LD_RUNPATH_SEARCH_PATHS = (
					"$(inherited)",
					"@executable_path/Frameworks",
				);
				MARKETING_VERSION = 0.2.0;
				PRODUCT_BUNDLE_IDENTIFIER = com.kentlin.voicepractice.ios;
				PRODUCT_NAME = "$(TARGET_NAME)";
				SWIFT_EMIT_LOC_STRINGS = YES;
				TARGETED_DEVICE_FAMILY = "1,2";
			};
			name = Debug;
		};
		J10000042C7F000100000001 /* Release */ = {
			isa = XCBuildConfiguration;
			buildSettings = {
				ASSETCATALOG_COMPILER_APPICON_NAME = AppIcon;
				CODE_SIGN_STYLE = Automatic;
				CURRENT_PROJECT_VERSION = 1;
				GENERATE_INFOPLIST_FILE = NO;
				INFOPLIST_FILE = VoicePractice/Resources/Info.plist;
				LD_RUNPATH_SEARCH_PATHS = (
					"$(inherited)",
					"@executable_path/Frameworks",
				);
				MARKETING_VERSION = 0.2.0;
				PRODUCT_BUNDLE_IDENTIFIER = com.kentlin.voicepractice.ios;
				PRODUCT_NAME = "$(TARGET_NAME)";
				SWIFT_EMIT_LOC_STRINGS = YES;
				TARGETED_DEVICE_FAMILY = "1,2";
			};
			name = Release;
		};
		J10000052C7F000100000001 /* Debug */ = {
			isa = XCBuildConfiguration;
			buildSettings = {
				ALWAYS_EMBED_SWIFT_STANDARD_LIBRARIES = YES;
				CODE_SIGN_STYLE = Automatic;
				CURRENT_PROJECT_VERSION = 1;
				GENERATE_INFOPLIST_FILE = YES;
				MARKETING_VERSION = 0.2.0;
				PRODUCT_BUNDLE_IDENTIFIER = com.kentlin.voicepractice.ios.tests;
				PRODUCT_NAME = "$(TARGET_NAME)";
				SWIFT_EMIT_LOC_STRINGS = NO;
				TARGETED_DEVICE_FAMILY = "1,2";
				TEST_HOST = "$(BUILT_PRODUCTS_DIR)/VoicePractice.app/$(BUNDLE_EXECUTABLE_FOLDER_PATH)/VoicePractice";
			};
			name = Debug;
		};
		J10000062C7F000100000001 /* Release */ = {
			isa = XCBuildConfiguration;
			buildSettings = {
				ALWAYS_EMBED_SWIFT_STANDARD_LIBRARIES = YES;
				CODE_SIGN_STYLE = Automatic;
				CURRENT_PROJECT_VERSION = 1;
				GENERATE_INFOPLIST_FILE = YES;
				MARKETING_VERSION = 0.2.0;
				PRODUCT_BUNDLE_IDENTIFIER = com.kentlin.voicepractice.ios.tests;
				PRODUCT_NAME = "$(TARGET_NAME)";
				SWIFT_EMIT_LOC_STRINGS = NO;
				TARGETED_DEVICE_FAMILY = "1,2";
				TEST_HOST = "$(BUILT_PRODUCTS_DIR)/VoicePractice.app/$(BUNDLE_EXECUTABLE_FOLDER_PATH)/VoicePractice";
			};
			name = Release;
		};
/* End XCBuildConfiguration section */

/* Begin XCConfigurationList section */
		H10000012C7F000100000001 /* Build configuration list for PBXProject "VoicePractice" */ = {
			isa = XCConfigurationList;
			buildConfigurations = (
				J10000012C7F000100000001 /* Debug */,
				J10000022C7F000100000001 /* Release */,
			);
			defaultConfigurationIsVisible = 0;
			defaultConfigurationName = Release;
		};
		H10000022C7F000100000001 /* Build configuration list for PBXNativeTarget "VoicePractice" */ = {
			isa = XCConfigurationList;
			buildConfigurations = (
				J10000032C7F000100000001 /* Debug */,
				J10000042C7F000100000001 /* Release */,
			);
			defaultConfigurationIsVisible = 0;
			defaultConfigurationName = Release;
		};
		H10000032C7F000100000001 /* Build configuration list for PBXNativeTarget "VoicePracticeTests" */ = {
			isa = XCConfigurationList;
			buildConfigurations = (
				J10000052C7F000100000001 /* Debug */,
				J10000062C7F000100000001 /* Release */,
			);
			defaultConfigurationIsVisible = 0;
			defaultConfigurationName = Release;
		};
/* End XCConfigurationList section */

	};
	rootObject = D10000012C7F000100000001 /* Project object */;
}
